
Microsoft Visual Studio Solution File, Format Version 12.00
# Visual Studio Version 17
VisualStudioVersion = 17.2.32516.85
MinimumVisualStudioVersion = 10.0.40219.1
Project("{9A19103F-16F7-4668-BE54-9A1E7A4F7556}") = "TodoAPI", "TodoAPI\TodoAPI.csproj", "{C6074219-0DB8-4C30-88C4-9ABA490A5417}"
EndProject
Project("{54A90642-561A-4BB1-A94E-469ADEE60C69}") = "TodoApp", "TodoApp\TodoApp.esproj", "{40CA6C76-8B31-4C97-894B-CB452C114A62}"
EndProject
Global
	GlobalSection(SolutionConfigurationPlatforms) = preSolution
		Debug|Any CPU = Debug|Any CPU
		Release|Any CPU = Release|Any CPU
	EndGlobalSection
	GlobalSection(ProjectConfigurationPlatforms) = postSolution
		{C6074219-0DB8-4C30-88C4-9ABA490A5417}.Debug|Any CPU.ActiveCfg = Debug|Any CPU
		{C6074219-0DB8-4C30-88C4-9ABA490A5417}.Debug|Any CPU.Build.0 = Debug|Any CPU
		{C6074219-0DB8-4C30-88C4-9ABA490A5417}.Release|Any CPU.ActiveCfg = Release|Any CPU
		{C6074219-0DB8-4C30-88C4-9ABA490A5417}.Release|Any CPU.Build.0 = Release|Any CPU
		{40CA6C76-8B31-4C97-894B-CB452C114A62}.Debug|Any CPU.ActiveCfg = Debug|Any CPU
		{40CA6C76-8B31-4C97-894B-CB452C114A62}.Debug|Any CPU.Build.0 = Debug|Any CPU
		{40CA6C76-8B31-4C97-894B-CB452C114A62}.Debug|Any CPU.Deploy.0 = Debug|Any CPU
		{40CA6C76-8B31-4C97-894B-CB452C114A62}.Release|Any CPU.ActiveCfg = Release|Any CPU
		{40CA6C76-8B31-4C97-894B-CB452C114A62}.Release|Any CPU.Build.0 = Release|Any CPU
		{40CA6C76-8B31-4C97-894B-CB452C114A62}.Release|Any CPU.Deploy.0 = Release|Any CPU
	EndGlobalSection
	GlobalSection(SolutionProperties) = preSolution
		HideSolutionNode = FALSE
	EndGlobalSection
	GlobalSection(ExtensibilityGlobals) = postSolution
		SolutionGuid = {7ADBF9BB-7ADF-46B6-ADBC-BD5EB2BDACC3}
	EndGlobalSection
EndGlobal
